lockfileVersion: 5.4

specifiers:
  filenamify: ^6.0.0

dependencies:
  filenamify: 6.0.0

packages:

  /filename-reserved-regex/3.0.0:
    resolution: {integrity: sha512-hn4cQfU6GOT/7cFHXBqeBg2TbrMBgdD0kcjLhvSQYYwm3s4B6cjvBfb7nBALJLAXqmU5xajSa7X2NnUud/VCdw==}
    engines: {node: ^12.20.0 || ^14.13.1 || >=16.0.0}
    dev: false

  /filenamify/6.0.0:
    resolution: {integrity: sha512-vqIlNogKeyD3yzrm0yhRMQg8hOVwYcYRfjEoODd49iCprMn4HL85gK3HcykQE53EPIpX3HcAbGA5ELQv216dAQ==}
    engines: {node: '>=16'}
    dependencies:
      filename-reserved-regex: 3.0.0
    dev: false
